{
  "name": "nodeejs",
  "version": "0.0.0",
  "lockfileVersion": 1,
  "requires": true,
  "dependencies": {
    "bignumber.js": {
      "version": "4.0.4",
      "resolved": "http://registry.npm.taobao.org/bignumber.js/download/bignumber.js-4.0.4.tgz",
      "integrity": "sha1-fED1q80tZiOre5loLufbgbEYiaQ="
    },
    "body-parser": {
      "version": "1.18.2",
      "resolved": "http://registry.npm.taobao.org/body-parser/download/body-parser-1.18.2.tgz",
      "requires": {
        "debug": "2.6.9"
      },
      "dependencies": {
        "bytes": {
          "version": "http://registry.npm.taobao.org/bytes/download/bytes-3.0.0.tgz"
        },
        "content-type": {
          "version": "http://registry.npm.taobao.org/content-type/download/content-type-1.0.4.tgz"
        },
        "debug": {
          "version": "http://registry.npm.taobao.org/debug/download/debug-2.6.9.tgz",
          "dependencies": {
            "ms": {
              "version": "http://registry.npm.taobao.org/ms/download/ms-2.0.0.tgz",
              "bundled": true
            }
          }
        },
        "depd": {
          "version": "http://registry.npm.taobao.org/depd/download/depd-1.1.2.tgz"
        },
        "http-errors": {
          "version": "http://registry.npm.taobao.org/http-errors/download/http-errors-1.6.2.tgz",
          "dependencies": {
            "depd": {
              "version": "http://registry.npm.taobao.org/depd/download/depd-1.1.1.tgz",
              "bundled": true
            },
            "inherits": {
              "version": "http://registry.npm.taobao.org/inherits/download/inherits-2.0.3.tgz",
              "bundled": true
            },
            "setprototypeof": {
              "version": "http://registry.npm.taobao.org/setprototypeof/download/setprototypeof-1.0.3.tgz",
              "bundled": true
            },
            "statuses": {
              "version": "http://registry.npm.taobao.org/statuses/download/statuses-1.4.0.tgz",
              "bundled": true
            }
          }
        },
        "iconv-lite": {
          "version": "http://registry.npm.taobao.org/iconv-lite/download/iconv-lite-0.4.19.tgz"
        },
        "on-finished": {
          "version": "http://registry.npm.taobao.org/on-finished/download/on-finished-2.3.0.tgz",
          "dependencies": {
            "ee-first": {
              "version": "http://registry.npm.taobao.org/ee-first/download/ee-first-1.1.1.tgz"
            }
          }
        },
        "qs": {
          "version": "http://registry.npm.taobao.org/qs/download/qs-6.5.1.tgz"
        },
        "raw-body": {
          "version": "http://registry.npm.taobao.org/raw-body/download/raw-body-2.3.2.tgz",
          "dependencies": {
            "bytes": {
              "version": "http://registry.npm.taobao.org/bytes/download/bytes-3.0.0.tgz",
              "bundled": true
            },
            "http-errors": {
              "version": "http://registry.npm.taobao.org/http-errors/download/http-errors-1.6.2.tgz",
              "bundled": true
            },
            "iconv-lite": {
              "version": "http://registry.npm.taobao.org/iconv-lite/download/iconv-lite-0.4.19.tgz",
              "bundled": true
            },
            "unpipe": {
              "version": "http://registry.npm.taobao.org/unpipe/download/unpipe-1.0.0.tgz",
              "bundled": true
            }
          }
        },
        "type-is": {
          "version": "http://registry.npm.taobao.org/type-is/download/type-is-1.6.16.tgz"
        }
      }
    },
    "cookie-parser": {
      "version": "1.4.3",
      "resolved": "http://registry.npm.taobao.org/cookie-parser/download/cookie-parser-1.4.3.tgz",
      "dependencies": {
        "cookie": {
          "version": "http://registry.npm.taobao.org/cookie/download/cookie-0.3.1.tgz",
          "bundled": true
        },
        "cookie-signature": {
          "version": "http://registry.npm.taobao.org/cookie-signature/download/cookie-signature-1.0.6.tgz",
          "bundled": true
        }
      }
    },
    "core-util-is": {
      "version": "1.0.2",
      "resolved": "http://registry.npm.taobao.org/core-util-is/download/core-util-is-1.0.2.tgz"
    },
    "debug": {
      "version": "2.6.9",
      "resolved": "http://registry.npm.taobao.org/debug/download/debug-2.6.9.tgz",
      "dependencies": {
        "ms": {
          "version": "http://registry.npm.taobao.org/ms/download/ms-2.0.0.tgz",
          "bundled": true
        }
      }
    },
    "ejs": {
      "version": "2.5.7",
      "resolved": "http://registry.npm.taobao.org/ejs/download/ejs-2.5.7.tgz"
    },
    "express": {
      "version": "4.15.5",
      "resolved": "http://registry.npm.taobao.org/express/download/express-4.15.5.tgz",
      "requires": {
        "debug": "2.6.9"
      },
      "dependencies": {
        "accepts": {
          "version": "http://registry.npm.taobao.org/accepts/download/accepts-1.3.5.tgz",
          "dependencies": {
            "mime-types": {
              "version": "http://registry.npm.taobao.org/mime-types/download/mime-types-2.1.18.tgz"
            },
            "negotiator": {
              "version": "http://registry.npm.taobao.org/negotiator/download/negotiator-0.6.1.tgz"
            }
          }
        },
        "array-flatten": {
          "version": "http://registry.npm.taobao.org/array-flatten/download/array-flatten-1.1.1.tgz"
        },
        "content-disposition": {
          "version": "http://registry.npm.taobao.org/content-disposition/download/content-disposition-0.5.2.tgz"
        },
        "content-type": {
          "version": "http://registry.npm.taobao.org/content-type/download/content-type-1.0.4.tgz"
        },
        "cookie": {
          "version": "http://registry.npm.taobao.org/cookie/download/cookie-0.3.1.tgz"
        },
        "cookie-signature": {
          "version": "http://registry.npm.taobao.org/cookie-signature/download/cookie-signature-1.0.6.tgz"
        },
        "debug": {
          "version": "http://registry.npm.taobao.org/debug/download/debug-2.6.9.tgz"
        },
        "depd": {
          "version": "http://registry.npm.taobao.org/depd/download/depd-1.1.2.tgz"
        },
        "encodeurl": {
          "version": "http://registry.npm.taobao.org/encodeurl/download/encodeurl-1.0.2.tgz"
        },
        "escape-html": {
          "version": "http://registry.npm.taobao.org/escape-html/download/escape-html-1.0.3.tgz"
        },
        "etag": {
          "version": "http://registry.npm.taobao.org/etag/download/etag-1.8.1.tgz"
        },
        "finalhandler": {
          "version": "http://registry.npm.taobao.org/finalhandler/download/finalhandler-1.0.6.tgz"
        },
        "fresh": {
          "version": "http://registry.npm.taobao.org/fresh/download/fresh-0.5.2.tgz"
        },
        "merge-descriptors": {
          "version": "http://registry.npm.taobao.org/merge-descriptors/download/merge-descriptors-1.0.1.tgz"
        },
        "methods": {
          "version": "http://registry.npm.taobao.org/methods/download/methods-1.1.2.tgz"
        },
        "on-finished": {
          "version": "http://registry.npm.taobao.org/on-finished/download/on-finished-2.3.0.tgz",
          "dependencies": {
            "ee-first": {
              "version": "http://registry.npm.taobao.org/ee-first/download/ee-first-1.1.1.tgz"
            }
          }
        },
        "parseurl": {
          "version": "http://registry.npm.taobao.org/parseurl/download/parseurl-1.3.2.tgz"
        },
        "path-to-regexp": {
          "version": "http://registry.npm.taobao.org/path-to-regexp/download/path-to-regexp-0.1.7.tgz"
        },
        "proxy-addr": {
          "version": "http://registry.npm.taobao.org/proxy-addr/download/proxy-addr-1.1.5.tgz"
        },
        "qs": {
          "version": "http://registry.npm.taobao.org/qs/download/qs-6.5.0.tgz"
        },
        "range-parser": {
          "version": "http://registry.npm.taobao.org/range-parser/download/range-parser-1.2.0.tgz"
        },
        "send": {
          "version": "http://registry.npm.taobao.org/send/download/send-0.15.6.tgz"
        },
        "serve-static": {
          "version": "http://registry.npm.taobao.org/serve-static/download/serve-static-1.12.6.tgz"
        },
        "setprototypeof": {
          "version": "http://registry.npm.taobao.org/setprototypeof/download/setprototypeof-1.0.3.tgz"
        },
        "statuses": {
          "version": "http://registry.npm.taobao.org/statuses/download/statuses-1.3.1.tgz"
        },
        "type-is": {
          "version": "http://registry.npm.taobao.org/type-is/download/type-is-1.6.16.tgz",
          "dependencies": {
            "media-typer": {
              "version": "http://registry.npm.taobao.org/media-typer/download/media-typer-0.3.0.tgz",
              "bundled": true
            },
            "mime-types": {
              "version": "http://registry.npm.taobao.org/mime-types/download/mime-types-2.1.18.tgz",
              "bundled": true,
              "dependencies": {
                "mime-db": {
                  "version": "http://registry.npm.taobao.org/mime-db/download/mime-db-1.33.0.tgz",
                  "bundled": true
                }
              }
            }
          }
        },
        "utils-merge": {
          "version": "http://registry.npm.taobao.org/utils-merge/download/utils-merge-1.0.0.tgz"
        },
        "vary": {
          "version": "http://registry.npm.taobao.org/vary/download/vary-1.1.2.tgz"
        }
      }
    },
    "express-session": {
      "version": "1.15.6",
      "resolved": "http://registry.npm.taobao.org/express-session/download/express-session-1.15.6.tgz",
      "requires": {
        "debug": "2.6.9"
      },
      "dependencies": {
        "cookie": {
          "version": "http://registry.npm.taobao.org/cookie/download/cookie-0.3.1.tgz",
          "bundled": true
        },
        "cookie-signature": {
          "version": "http://registry.npm.taobao.org/cookie-signature/download/cookie-signature-1.0.6.tgz",
          "bundled": true
        },
        "crc": {
          "version": "http://registry.npm.taobao.org/crc/download/crc-3.4.4.tgz",
          "bundled": true
        },
        "debug": {
          "version": "http://registry.npm.taobao.org/debug/download/debug-2.6.9.tgz",
          "bundled": true,
          "dependencies": {
            "ms": {
              "version": "http://registry.npm.taobao.org/ms/download/ms-2.0.0.tgz",
              "bundled": true
            }
          }
        },
        "depd": {
          "version": "http://registry.npm.taobao.org/depd/download/depd-1.1.2.tgz",
          "bundled": true
        },
        "on-headers": {
          "version": "http://registry.npm.taobao.org/on-headers/download/on-headers-1.0.1.tgz",
          "bundled": true
        },
        "parseurl": {
          "version": "http://registry.npm.taobao.org/parseurl/download/parseurl-1.3.2.tgz",
          "bundled": true
        },
        "uid-safe": {
          "version": "http://registry.npm.taobao.org/uid-safe/download/uid-safe-2.1.5.tgz",
          "bundled": true
        },
        "utils-merge": {
          "version": "http://registry.npm.taobao.org/utils-merge/download/utils-merge-1.0.1.tgz",
          "bundled": true
        }
      }
    },
    "isarray": {
      "version": "1.0.0",
      "resolved": "http://registry.npm.taobao.org/isarray/download/isarray-1.0.0.tgz"
    },
    "log4js": {
      "version": "2.5.3",
      "resolved": "http://registry.npm.taobao.org/log4js/download/log4js-2.5.3.tgz",
      "dependencies": {
        "amqplib": {
          "version": "http://registry.npm.taobao.org/amqplib/download/amqplib-0.5.2.tgz",
          "bundled": true
        },
        "axios": {
          "version": "http://registry.npm.taobao.org/axios/download/axios-0.15.3.tgz",
          "bundled": true
        },
        "circular-json": {
          "version": "http://registry.npm.taobao.org/circular-json/download/circular-json-0.5.1.tgz",
          "bundled": true
        },
        "date-format": {
          "version": "http://registry.npm.taobao.org/date-format/download/date-format-1.2.0.tgz",
          "bundled": true
        },
        "debug": {
          "version": "http://registry.npm.taobao.org/debug/download/debug-3.1.0.tgz",
          "bundled": true,
          "dependencies": {
            "ms": {
              "version": "http://registry.npm.taobao.org/ms/download/ms-2.0.0.tgz"
            }
          }
        },
        "hipchat-notifier": {
          "version": "http://registry.npm.taobao.org/hipchat-notifier/download/hipchat-notifier-1.1.0.tgz",
          "bundled": true
        },
        "loggly": {
          "version": "http://registry.npm.taobao.org/loggly/download/loggly-1.1.1.tgz",
          "bundled": true
        },
        "mailgun-js": {
          "version": "http://registry.npm.taobao.org/mailgun-js/download/mailgun-js-0.7.15.tgz",
          "bundled": true
        },
        "nodemailer": {
          "version": "http://registry.npm.taobao.org/nodemailer/download/nodemailer-2.7.2.tgz",
          "bundled": true
        },
        "redis": {
          "version": "http://registry.npm.taobao.org/redis/download/redis-2.8.0.tgz",
          "bundled": true
        },
        "semver": {
          "version": "http://registry.npm.taobao.org/semver/download/semver-5.5.0.tgz",
          "bundled": true
        },
        "slack-node": {
          "version": "http://registry.npm.taobao.org/slack-node/download/slack-node-0.2.0.tgz",
          "bundled": true,
          "dependencies": {
            "requestretry": {
              "version": "http://registry.npm.taobao.org/requestretry/download/requestretry-1.13.0.tgz",
              "bundled": true
            }
          }
        },
        "streamroller": {
          "version": "http://registry.npm.taobao.org/streamroller/download/streamroller-0.7.0.tgz",
          "bundled": true
        }
      }
    },
    "morgan": {
      "version": "1.9.0",
      "resolved": "http://registry.npm.taobao.org/morgan/download/morgan-1.9.0.tgz",
      "requires": {
        "debug": "2.6.9"
      },
      "dependencies": {
        "basic-auth": {
          "version": "http://registry.npm.taobao.org/basic-auth/download/basic-auth-2.0.0.tgz"
        },
        "debug": {
          "version": "http://registry.npm.taobao.org/debug/download/debug-2.6.9.tgz",
          "dependencies": {
            "ms": {
              "version": "http://registry.npm.taobao.org/ms/download/ms-2.0.0.tgz",
              "bundled": true
            }
          }
        },
        "depd": {
          "version": "http://registry.npm.taobao.org/depd/download/depd-1.1.2.tgz"
        },
        "on-finished": {
          "version": "http://registry.npm.taobao.org/on-finished/download/on-finished-2.3.0.tgz",
          "dependencies": {
            "ee-first": {
              "version": "http://registry.npm.taobao.org/ee-first/download/ee-first-1.1.1.tgz"
            }
          }
        },
        "on-headers": {
          "version": "http://registry.npm.taobao.org/on-headers/download/on-headers-1.0.1.tgz"
        }
      }
    },
    "mysql": {
      "version": "2.15.0",
      "resolved": "http://registry.npm.taobao.org/mysql/download/mysql-2.15.0.tgz",
      "integrity": "sha1-6haEEVY0Po8uR/yJhexBzdlXO1w=",
      "requires": {
        "bignumber.js": "4.0.4",
        "readable-stream": "2.3.3",
        "safe-buffer": "5.1.1",
        "sqlstring": "2.3.0"
      },
      "dependencies": {
        "inherits": {
          "version": "2.0.3",
          "resolved": "http://registry.npm.taobao.org/inherits/download/inherits-2.0.3.tgz",
          "integrity": "sha1-Yzwsg+PaQqUC9SRmAiSA9CCCYd4="
        },
        "process-nextick-args": {
          "version": "1.0.7",
          "resolved": "http://registry.npm.taobao.org/process-nextick-args/download/process-nextick-args-1.0.7.tgz",
          "integrity": "sha1-FQ4gt1ZZCtP5EJPyWk8q2L/zC6M="
        },
        "readable-stream": {
          "version": "2.3.3",
          "resolved": "http://registry.npm.taobao.org/readable-stream/download/readable-stream-2.3.3.tgz",
          "integrity": "sha1-No8lEtefnUb9/HE0mueHi7weuVw=",
          "requires": {
            "core-util-is": "1.0.2",
            "inherits": "2.0.3",
            "isarray": "1.0.0",
            "process-nextick-args": "1.0.7",
            "safe-buffer": "5.1.1",
            "string_decoder": "1.0.3",
            "util-deprecate": "1.0.2"
          }
        },
        "safe-buffer": {
          "version": "5.1.1",
          "resolved": "http://registry.npm.taobao.org/safe-buffer/download/safe-buffer-5.1.1.tgz",
          "integrity": "sha1-iTMSr2myEj3vcfV4iQAWce6yyFM="
        },
        "string_decoder": {
          "version": "1.0.3",
          "resolved": "http://registry.npm.taobao.org/string_decoder/download/string_decoder-1.0.3.tgz",
          "integrity": "sha1-D8Z9fBQYJd6UKC3VNr7GubzoYKs=",
          "requires": {
            "safe-buffer": "5.1.1"
          }
        }
      }
    },
    "request": {
      "version": "2.85.0",
      "resolved": "http://registry.npm.taobao.org/request/download/request-2.85.0.tgz",
      "dependencies": {
        "aws-sign2": {
          "version": "http://registry.npm.taobao.org/aws-sign2/download/aws-sign2-0.7.0.tgz",
          "bundled": true
        },
        "aws4": {
          "version": "http://registry.npm.taobao.org/aws4/download/aws4-1.6.0.tgz",
          "bundled": true
        },
        "caseless": {
          "version": "http://registry.npm.taobao.org/caseless/download/caseless-0.12.0.tgz",
          "bundled": true
        },
        "combined-stream": {
          "version": "http://registry.npm.taobao.org/combined-stream/download/combined-stream-1.0.6.tgz",
          "bundled": true
        },
        "extend": {
          "version": "http://registry.npm.taobao.org/extend/download/extend-3.0.1.tgz",
          "bundled": true
        },
        "forever-agent": {
          "version": "http://registry.npm.taobao.org/forever-agent/download/forever-agent-0.6.1.tgz",
          "bundled": true
        },
        "form-data": {
          "version": "http://registry.npm.taobao.org/form-data/download/form-data-2.3.2.tgz",
          "bundled": true,
          "dependencies": {
            "asynckit": {
              "version": "http://registry.npm.taobao.org/asynckit/download/asynckit-0.4.0.tgz"
            },
            "combined-stream": {
              "version": "http://registry.npm.taobao.org/combined-stream/download/combined-stream-1.0.6.tgz",
              "dependencies": {
                "delayed-stream": {
                  "version": "http://registry.npm.taobao.org/delayed-stream/download/delayed-stream-1.0.0.tgz",
                  "bundled": true
                }
              }
            },
            "mime-types": {
              "version": "http://registry.npm.taobao.org/mime-types/download/mime-types-2.1.18.tgz",
              "dependencies": {
                "mime-db": {
                  "version": "http://registry.npm.taobao.org/mime-db/download/mime-db-1.33.0.tgz",
                  "bundled": true
                }
              }
            }
          }
        },
        "har-validator": {
          "version": "http://registry.npm.taobao.org/har-validator/download/har-validator-5.0.3.tgz",
          "bundled": true
        },
        "hawk": {
          "version": "http://registry.npm.taobao.org/hawk/download/hawk-6.0.2.tgz",
          "bundled": true
        },
        "http-signature": {
          "version": "http://registry.npm.taobao.org/http-signature/download/http-signature-1.2.0.tgz",
          "bundled": true
        },
        "is-typedarray": {
          "version": "http://registry.npm.taobao.org/is-typedarray/download/is-typedarray-1.0.0.tgz",
          "bundled": true
        },
        "isstream": {
          "version": "http://registry.npm.taobao.org/isstream/download/isstream-0.1.2.tgz",
          "bundled": true
        },
        "json-stringify-safe": {
          "version": "http://registry.npm.taobao.org/json-stringify-safe/download/json-stringify-safe-5.0.1.tgz",
          "bundled": true
        },
        "mime-types": {
          "version": "http://registry.npm.taobao.org/mime-types/download/mime-types-2.1.18.tgz",
          "bundled": true,
          "dependencies": {
            "mime-db": {
              "version": "http://registry.npm.taobao.org/mime-db/download/mime-db-1.33.0.tgz",
              "bundled": true
            }
          }
        },
        "oauth-sign": {
          "version": "http://registry.npm.taobao.org/oauth-sign/download/oauth-sign-0.8.2.tgz",
          "bundled": true
        },
        "performance-now": {
          "version": "http://registry.npm.taobao.org/performance-now/download/performance-now-2.1.0.tgz",
          "bundled": true
        },
        "qs": {
          "version": "http://registry.npm.taobao.org/qs/download/qs-6.5.1.tgz",
          "bundled": true
        },
        "safe-buffer": {
          "version": "http://registry.npm.taobao.org/safe-buffer/download/safe-buffer-5.1.1.tgz",
          "bundled": true
        },
        "stringstream": {
          "version": "http://registry.npm.taobao.org/stringstream/download/stringstream-0.0.5.tgz",
          "bundled": true
        },
        "tough-cookie": {
          "version": "http://registry.npm.taobao.org/tough-cookie/download/tough-cookie-2.3.4.tgz",
          "bundled": true,
          "dependencies": {
            "punycode": {
              "version": "http://registry.npm.taobao.org/punycode/download/punycode-1.4.1.tgz",
              "bundled": true
            }
          }
        },
        "tunnel-agent": {
          "version": "http://registry.npm.taobao.org/tunnel-agent/download/tunnel-agent-0.6.0.tgz",
          "bundled": true
        },
        "uuid": {
          "version": "http://registry.npm.taobao.org/uuid/download/uuid-3.2.1.tgz",
          "bundled": true
        }
      }
    },
    "serve-favicon": {
      "version": "2.4.5",
      "resolved": "http://registry.npm.taobao.org/serve-favicon/download/serve-favicon-2.4.5.tgz",
      "dependencies": {
        "etag": {
          "version": "http://registry.npm.taobao.org/etag/download/etag-1.8.1.tgz"
        },
        "fresh": {
          "version": "http://registry.npm.taobao.org/fresh/download/fresh-0.5.2.tgz"
        },
        "ms": {
          "version": "http://registry.npm.taobao.org/ms/download/ms-2.0.0.tgz"
        },
        "parseurl": {
          "version": "http://registry.npm.taobao.org/parseurl/download/parseurl-1.3.2.tgz"
        },
        "safe-buffer": {
          "version": "http://registry.npm.taobao.org/safe-buffer/download/safe-buffer-5.1.1.tgz"
        }
      }
    },
    "sqlstring": {
      "version": "2.3.0",
      "resolved": "http://registry.npm.taobao.org/sqlstring/download/sqlstring-2.3.0.tgz",
      "integrity": "sha1-UluKT9Jtb3GqYegipsr5dtMa0qg="
    },
    "util-deprecate": {
      "version": "1.0.2",
      "resolved": "http://registry.npm.taobao.org/util-deprecate/download/util-deprecate-1.0.2.tgz"
    }
  }
}
